
Microsoft Visual Studio Solution File, Format Version 12.00
# Visual Studio Version 17
VisualStudioVersion = 17.10.34916.146
MinimumVisualStudioVersion = 10.0.40219.1
Project("{9A19103F-16F7-4668-BE54-9A1E7A4F7556}") = "Csharp_lessons", "Csharp_lessons\Csharp_lessons.csproj", "{AD5EA954-6DF7-4795-B6BA-D89A74E06A13}"
EndProject
Project("{2150E333-8FDC-42A3-9474-1A3956D46DE8}") = "Lessons", "Lessons", "{EC9829BA-3B95-46CB-90FF-E247A0C3E648}"
EndProject
Project("{FAE04EC0-301F-11D3-BF4B-00C04F79EFBC}") = "InitialLesson", "InitialLesson\InitialLesson.csproj", "{0EAC6797-05C9-4D1C-A90A-ACB952ABCF64}"
EndProject
Project("{FAE04EC0-301F-11D3-BF4B-00C04F79EFBC}") = "Lesson2", "Lesson2\Lesson2.csproj", "{44D90647-082A-48BF-8A47-A2EC7AB7316A}"
EndProject
Project("{FAE04EC0-301F-11D3-BF4B-00C04F79EFBC}") = "homework1", "homework1\homework1.csproj", "{563F3960-CDDC-4244-8C51-C801F34E9344}"
EndProject
Global
	GlobalSection(SolutionConfigurationPlatforms) = preSolution
		Debug|Any CPU = Debug|Any CPU
		Release|Any CPU = Release|Any CPU
	EndGlobalSection
	GlobalSection(ProjectConfigurationPlatforms) = postSolution
		{AD5EA954-6DF7-4795-B6BA-D89A74E06A13}.Debug|Any CPU.ActiveCfg = Debug|Any CPU
		{AD5EA954-6DF7-4795-B6BA-D89A74E06A13}.Debug|Any CPU.Build.0 = Debug|Any CPU
		{AD5EA954-6DF7-4795-B6BA-D89A74E06A13}.Release|Any CPU.ActiveCfg = Release|Any CPU
		{AD5EA954-6DF7-4795-B6BA-D89A74E06A13}.Release|Any CPU.Build.0 = Release|Any CPU
		{0EAC6797-05C9-4D1C-A90A-ACB952ABCF64}.Debug|Any CPU.ActiveCfg = Debug|Any CPU
		{0EAC6797-05C9-4D1C-A90A-ACB952ABCF64}.Debug|Any CPU.Build.0 = Debug|Any CPU
		{0EAC6797-05C9-4D1C-A90A-ACB952ABCF64}.Release|Any CPU.ActiveCfg = Release|Any CPU
		{0EAC6797-05C9-4D1C-A90A-ACB952ABCF64}.Release|Any CPU.Build.0 = Release|Any CPU
		{44D90647-082A-48BF-8A47-A2EC7AB7316A}.Debug|Any CPU.ActiveCfg = Debug|Any CPU
		{44D90647-082A-48BF-8A47-A2EC7AB7316A}.Debug|Any CPU.Build.0 = Debug|Any CPU
		{44D90647-082A-48BF-8A47-A2EC7AB7316A}.Release|Any CPU.ActiveCfg = Release|Any CPU
		{44D90647-082A-48BF-8A47-A2EC7AB7316A}.Release|Any CPU.Build.0 = Release|Any CPU
		{563F3960-CDDC-4244-8C51-C801F34E9344}.Debug|Any CPU.ActiveCfg = Debug|Any CPU
		{563F3960-CDDC-4244-8C51-C801F34E9344}.Debug|Any CPU.Build.0 = Debug|Any CPU
		{563F3960-CDDC-4244-8C51-C801F34E9344}.Release|Any CPU.ActiveCfg = Release|Any CPU
		{563F3960-CDDC-4244-8C51-C801F34E9344}.Release|Any CPU.Build.0 = Release|Any CPU
	EndGlobalSection
	GlobalSection(SolutionProperties) = preSolution
		HideSolutionNode = FALSE
	EndGlobalSection
	GlobalSection(NestedProjects) = preSolution
		{0EAC6797-05C9-4D1C-A90A-ACB952ABCF64} = {EC9829BA-3B95-46CB-90FF-E247A0C3E648}
		{44D90647-082A-48BF-8A47-A2EC7AB7316A} = {EC9829BA-3B95-46CB-90FF-E247A0C3E648}
		{563F3960-CDDC-4244-8C51-C801F34E9344} = {EC9829BA-3B95-46CB-90FF-E247A0C3E648}
	EndGlobalSection
	GlobalSection(ExtensibilityGlobals) = postSolution
		SolutionGuid = {ABBC1DEE-463F-4C38-8619-860AF8E7487A}
	EndGlobalSection
EndGlobal
